
Microsoft Visual Studio Solution File, Format Version 12.00
# Visual Studio 2013
VisualStudioVersion = 12.0.21005.1
MinimumVisualStudioVersion = 10.0.40219.1
Project("{FAE04EC0-301F-11D3-BF4B-00C04F79EFBC}") = "AgriculturalResearch", "AgriculturalResearch\AgriculturalResearch.csproj", "{AB5EF4FF-36B1-4CA3-AC37-D7DA1C02BAFD}"
EndProject
Project("{FAE04EC0-301F-11D3-BF4B-00C04F79EFBC}") = "Model", "Model\Model.csproj", "{5A1EC0E7-9979-4AE0-9923-F4EE78AD91FA}"
EndProject
Global
	GlobalSection(SolutionConfigurationPlatforms) = preSolution
		Debug|Any CPU = Debug|Any CPU
		Release|Any CPU = Release|Any CPU
	EndGlobalSection
	GlobalSection(ProjectConfigurationPlatforms) = postSolution
		{AB5EF4FF-36B1-4CA3-AC37-D7DA1C02BAFD}.Debug|Any CPU.ActiveCfg = Debug|Any CPU
		{AB5EF4FF-36B1-4CA3-AC37-D7DA1C02BAFD}.Debug|Any CPU.Build.0 = Debug|Any CPU
		{AB5EF4FF-36B1-4CA3-AC37-D7DA1C02BAFD}.Release|Any CPU.ActiveCfg = Release|Any CPU
		{AB5EF4FF-36B1-4CA3-AC37-D7DA1C02BAFD}.Release|Any CPU.Build.0 = Release|Any CPU
		{5A1EC0E7-9979-4AE0-9923-F4EE78AD91FA}.Debug|Any CPU.ActiveCfg = Debug|Any CPU
		{5A1EC0E7-9979-4AE0-9923-F4EE78AD91FA}.Debug|Any CPU.Build.0 = Debug|Any CPU
		{5A1EC0E7-9979-4AE0-9923-F4EE78AD91FA}.Release|Any CPU.ActiveCfg = Release|Any CPU
		{5A1EC0E7-9979-4AE0-9923-F4EE78AD91FA}.Release|Any CPU.Build.0 = Release|Any CPU
	EndGlobalSection
	GlobalSection(SolutionProperties) = preSolution
		HideSolutionNode = FALSE
	EndGlobalSection
EndGlobal
